
Microsoft Visual Studio Solution File, Format Version 12.00
# Visual Studio 14
VisualStudioVersion = 14.0.25420.1
MinimumVisualStudioVersion = 10.0.40219.1
Project("{E24C65DC-7377-472B-9ABA-BC803B73C61A}") = "html-templates", "E:\Projects\html-templates\", "{F629E101-C118-438C-8A76-26692D51A524}"
	ProjectSection(WebsiteProperties) = preProject
		TargetFrameworkMoniker = ".NETFramework,Version%3Dv4.5.2"
		Debug.AspNetCompiler.VirtualPath = "/localhost_51725"
		Debug.AspNetCompiler.PhysicalPath = "E:\Projects\html-templates\"
		Debug.AspNetCompiler.TargetPath = "PrecompiledWeb\localhost_51725\"
		Debug.AspNetCompiler.Updateable = "true"
		Debug.AspNetCompiler.ForceOverwrite = "true"
		Debug.AspNetCompiler.FixedNames = "false"
		Debug.AspNetCompiler.Debug = "True"
		Release.AspNetCompiler.VirtualPath = "/localhost_51725"
		Release.AspNetCompiler.PhysicalPath = "E:\Projects\html-templates\"
		Release.AspNetCompiler.TargetPath = "PrecompiledWeb\localhost_51725\"
		Release.AspNetCompiler.Updateable = "true"
		Release.AspNetCompiler.ForceOverwrite = "true"
		Release.AspNetCompiler.FixedNames = "false"
		Release.AspNetCompiler.Debug = "False"
		VWDPort = "51725"
		SlnRelativePath = "E:\Projects\html-templates\"
		DefaultWebSiteLanguage = "Visual C#"
	EndProjectSection
EndProject
Global
	GlobalSection(SolutionConfigurationPlatforms) = preSolution
		Debug|Any CPU = Debug|Any CPU
	EndGlobalSection
	GlobalSection(ProjectConfigurationPlatforms) = postSolution
		{F629E101-C118-438C-8A76-26692D51A524}.Debug|Any CPU.ActiveCfg = Debug|Any CPU
		{F629E101-C118-438C-8A76-26692D51A524}.Debug|Any CPU.Build.0 = Debug|Any CPU
	EndGlobalSection
	GlobalSection(SolutionProperties) = preSolution
		HideSolutionNode = FALSE
	EndGlobalSection
EndGlobal
